
Microsoft Visual Studio Solution File, Format Version 12.00
# Visual Studio 15
VisualStudioVersion = 15.0.28307.1062
MinimumVisualStudioVersion = 10.0.40219.1
Project("{FAE04EC0-301F-11D3-BF4B-00C04F79EFBC}") = "WpfApp1", "WpfApp1\WpfApp1.csproj", "{AE534FF6-BDEE-46CE-9314-C64F08BC6188}"
EndProject
Global
	GlobalSection(SolutionConfigurationPlatforms) = preSolution
		Debug|Any CPU = Debug|Any CPU
		Release|Any CPU = Release|Any CPU
	EndGlobalSection
	GlobalSection(ProjectConfigurationPlatforms) = postSolution
		{AE534FF6-BDEE-46CE-9314-C64F08BC6188}.Debug|Any CPU.ActiveCfg = Debug|Any CPU
		{AE534FF6-BDEE-46CE-9314-C64F08BC6188}.Debug|Any CPU.Build.0 = Debug|Any CPU
		{AE534FF6-BDEE-46CE-9314-C64F08BC6188}.Release|Any CPU.ActiveCfg = Release|Any CPU
		{AE534FF6-BDEE-46CE-9314-C64F08BC6188}.Release|Any CPU.Build.0 = Release|Any CPU
	EndGlobalSection
	GlobalSection(SolutionProperties) = preSolution
		HideSolutionNode = FALSE
	EndGlobalSection
	GlobalSection(ExtensibilityGlobals) = postSolution
		SolutionGuid = {76C9855E-98EE-4683-9C72-98A96E51BFE0}
	EndGlobalSection
EndGlobal
